<?xml version="1.0" encoding="utf-8"?>
<Project ToolsVersion="4.0" xmlns="http://schemas.microsoft.com/developer/msbuild/2003">
  <ItemGroup>
    <ClCompile Include="user\main.cpp">
      <Filter>user</Filter>
    </ClCompile>
    <ClCompile Include="framework\dllmain.cpp">
      <Filter>framework</Filter>
    </ClCompile>
    <ClCompile Include="framework\helpers.cpp">
      <Filter>framework</Filter>
    </ClCompile>
    <ClCompile Include="framework\il2cpp-init.cpp">
      <Filter>framework</Filter>
    </ClCompile>
    <ClCompile Include="framework\pch-il2cpp.cpp">
      <Filter>framework</Filter>
    </ClCompile>
  </ItemGroup>
  <ItemGroup>
    <ClInclude Include="user\main.h">
      <Filter>user</Filter>
    </ClInclude>
    <ClInclude Include="framework\helpers.h">
      <Filter>framework</Filter>
    </ClInclude>
    <ClInclude Include="framework\il2cpp-appdata.h">
      <Filter>framework</Filter>
    </ClInclude>
    <ClInclude Include="framework\il2cpp-init.h">
      <Filter>framework</Filter>
    </ClInclude>
    <ClInclude Include="framework\pch-il2cpp.h">
      <Filter>framework</Filter>
    </ClInclude>
    <ClInclude Include="appdata\il2cpp-functions.h">
      <Filter>appdata</Filter>
    </ClInclude>
    <ClInclude Include="appdata\il2cpp-types.h">
      <Filter>appdata</Filter>
    </ClInclude>
    <ClInclude Include="appdata\il2cpp-types-ptr.h">
      <Filter>appdata</Filter>
    </ClInclude>
    <ClInclude Include="appdata\il2cpp-api-functions.h">
      <Filter>appdata</Filter>
    </ClInclude>
    <ClInclude Include="appdata\il2cpp-api-functions-ptr.h">
      <Filter>appdata</Filter>
    </ClInclude>
    <ClInclude Include="packages\Detours.4.0.1\lib\native\include\detours.h">
      <Filter>user</Filter>
    </ClInclude>
  </ItemGroup>
  <ItemGroup>
    <Filter Include="appdata">
      <UniqueIdentifier>{d94164f8-b5ce-4ad5-b4c1-a7d4c087b112}</UniqueIdentifier>
    </Filter>
    <Filter Include="framework">
      <UniqueIdentifier>{78367be9-6c74-47e9-86e3-88755a31867e}</UniqueIdentifier>
    </Filter>
    <Filter Include="user">
      <UniqueIdentifier>{6d3b5ebe-ab6e-4c3e-8c8a-60b82f2708b7}</UniqueIdentifier>
    </Filter>
  </ItemGroup>
  <ItemGroup>
    <None Include="packages.config" />
    <None Include="LICENSE" />
    <None Include=".gitignore" />
    <None Include=".gitattributes" />
    <None Include="README.md" />
  </ItemGroup>
</Project>